
Microsoft Visual Studio Solution File, Format Version 12.00
# Visual Studio Version 17
VisualStudioVersion = 17.0.31903.59
MinimumVisualStudioVersion = 10.0.40219.1
Project("{FAE04EC0-301F-11D3-BF4B-00C04F79EFBC}") = "Degiskenler_İnteger", "Degiskenler_İnteger.csproj", "{1D4680E7-47B6-4F4D-B200-11C47116DCEE}"
EndProject
Global
	GlobalSection(SolutionConfigurationPlatforms) = preSolution
		Debug|Any CPU = Debug|Any CPU
		Release|Any CPU = Release|Any CPU
	EndGlobalSection
	GlobalSection(ProjectConfigurationPlatforms) = postSolution
		{1D4680E7-47B6-4F4D-B200-11C47116DCEE}.Debug|Any CPU.ActiveCfg = Debug|Any CPU
		{1D4680E7-47B6-4F4D-B200-11C47116DCEE}.Debug|Any CPU.Build.0 = Debug|Any CPU
		{1D4680E7-47B6-4F4D-B200-11C47116DCEE}.Release|Any CPU.ActiveCfg = Release|Any CPU
		{1D4680E7-47B6-4F4D-B200-11C47116DCEE}.Release|Any CPU.Build.0 = Release|Any CPU
	EndGlobalSection
	GlobalSection(SolutionProperties) = preSolution
		HideSolutionNode = FALSE
	EndGlobalSection
	GlobalSection(ExtensibilityGlobals) = postSolution
		SolutionGuid = {423B77EB-D215-4E11-8E9C-C93EF7F1DF51}
	EndGlobalSection
EndGlobal
